
Microsoft Visual Studio Solution File, Format Version 12.00
# Visual Studio 15
Project("{FAE04EC0-301F-11D3-BF4B-00C04F79EFBC}") = "UnityEngine.TestRunner", "UnityEngine.TestRunner.csproj", "{C86A1136-F9B2-97CA-F6CC-03281F26CFD2}"
EndProject
Project("{FAE04EC0-301F-11D3-BF4B-00C04F79EFBC}") = "Unity.Mathematics", "Unity.Mathematics.csproj", "{A2168512-BF17-5490-5505-4C96F237F816}"
EndProject
Project("{FAE04EC0-301F-11D3-BF4B-00C04F79EFBC}") = "Unity.2D.Animation.Triangle.Runtime", "Unity.2D.Animation.Triangle.Runtime.csproj", "{3D230D88-C47C-DCD8-7BEB-D75123468DD8}"
EndProject
Project("{FAE04EC0-301F-11D3-BF4B-00C04F79EFBC}") = "Unity.Timeline", "Unity.Timeline.csproj", "{A5EE18CA-42CB-EA27-ABED-9063F96F605D}"
EndProject
Project("{FAE04EC0-301F-11D3-BF4B-00C04F79EFBC}") = "UnityEngine.UI", "UnityEngine.UI.csproj", "{5D71172E-D945-53D0-BF25-693977DD1D92}"
EndProject
Project("{FAE04EC0-301F-11D3-BF4B-00C04F79EFBC}") = "Unity.TextMeshPro", "Unity.TextMeshPro.csproj", "{E702269D-FFAB-6134-2AD7-8D40793F45B8}"
EndProject
Project("{FAE04EC0-301F-11D3-BF4B-00C04F79EFBC}") = "Unity.2D.Animation.Runtime", "Unity.2D.Animation.Runtime.csproj", "{404C3075-3331-7D44-9F7E-7E74C810537C}"
EndProject
Project("{FAE04EC0-301F-11D3-BF4B-00C04F79EFBC}") = "Unity.2D.IK.Runtime", "Unity.2D.IK.Runtime.csproj", "{47F3041D-04CD-20D0-C43F-999AB5B6A83F}"
EndProject
Project("{FAE04EC0-301F-11D3-BF4B-00C04F79EFBC}") = "Assembly-CSharp", "Assembly-CSharp.csproj", "{62AF2A01-761D-F39A-7C00-1A786D1A25B8}"
EndProject
Project("{FAE04EC0-301F-11D3-BF4B-00C04F79EFBC}") = "Unity.2D.SpriteShape.Runtime", "Unity.2D.SpriteShape.Runtime.csproj", "{ADD97648-B6A8-0E31-2AFB-D345E71FFAD5}"
EndProject
Project("{FAE04EC0-301F-11D3-BF4B-00C04F79EFBC}") = "Unity.2D.PixelPerfect", "Unity.2D.PixelPerfect.csproj", "{3CF5792C-B41E-EC17-A108-032916B4C334}"
EndProject
Project("{FAE04EC0-301F-11D3-BF4B-00C04F79EFBC}") = "Unity.2D.Common.Runtime", "Unity.2D.Common.Runtime.csproj", "{E64EFB43-DD79-9238-6976-951CD756AA81}"
EndProject
Project("{FAE04EC0-301F-11D3-BF4B-00C04F79EFBC}") = "Unity.InternalAPIEngineBridge.001", "Unity.InternalAPIEngineBridge.001.csproj", "{D241A627-66FD-9776-7F99-E48E91EA36EF}"
EndProject
Project("{FAE04EC0-301F-11D3-BF4B-00C04F79EFBC}") = "UnityEditor.TestRunner", "UnityEditor.TestRunner.csproj", "{94832A95-71F4-9D76-3954-C5C086DD001D}"
EndProject
Project("{FAE04EC0-301F-11D3-BF4B-00C04F79EFBC}") = "UnityEditor.UI", "UnityEditor.UI.csproj", "{DDD57B0C-1DE1-4078-E606-0167E3AC6486}"
EndProject
Project("{FAE04EC0-301F-11D3-BF4B-00C04F79EFBC}") = "Unity.Timeline.Editor", "Unity.Timeline.Editor.csproj", "{02E303EF-41CD-16C7-65BD-4F3FC00EFD3F}"
EndProject
Project("{FAE04EC0-301F-11D3-BF4B-00C04F79EFBC}") = "Unity.VisualStudio.Editor", "Unity.VisualStudio.Editor.csproj", "{9356F244-729E-7796-7D83-21FEA7841B12}"
EndProject
Project("{FAE04EC0-301F-11D3-BF4B-00C04F79EFBC}") = "Unity.2D.Psdimporter.Editor", "Unity.2D.Psdimporter.Editor.csproj", "{A4A0E28C-CFDA-B3E4-72AA-4A68694B1717}"
EndProject
Project("{FAE04EC0-301F-11D3-BF4B-00C04F79EFBC}") = "Unity.2D.Animation.Editor", "Unity.2D.Animation.Editor.csproj", "{E72D5D66-0FD9-0EE2-1E61-4FCB200B910D}"
EndProject
Project("{FAE04EC0-301F-11D3-BF4B-00C04F79EFBC}") = "Unity.TextMeshPro.Editor", "Unity.TextMeshPro.Editor.csproj", "{59AE3F92-B3D4-12C7-8D70-18FB63EE3FED}"
EndProject
Project("{FAE04EC0-301F-11D3-BF4B-00C04F79EFBC}") = "Unity.2D.SpriteShape.Editor", "Unity.2D.SpriteShape.Editor.csproj", "{E7D9F108-BA82-88AF-D32A-504A607E6427}"
EndProject
Project("{FAE04EC0-301F-11D3-BF4B-00C04F79EFBC}") = "Unity.CollabProxy.Editor", "Unity.CollabProxy.Editor.csproj", "{1F8247D5-629E-105E-BDA3-FA8BD3920947}"
EndProject
Project("{FAE04EC0-301F-11D3-BF4B-00C04F79EFBC}") = "PsdPlugin", "PsdPlugin.csproj", "{E2A7585A-7A4C-E835-2552-D5BD96468549}"
EndProject
Project("{FAE04EC0-301F-11D3-BF4B-00C04F79EFBC}") = "Unity.2D.Path.Editor", "Unity.2D.Path.Editor.csproj", "{162516D1-0348-53E7-813F-2128A38910A6}"
EndProject
Project("{FAE04EC0-301F-11D3-BF4B-00C04F79EFBC}") = "Unity.Rider.Editor", "Unity.Rider.Editor.csproj", "{3C73481A-34BF-DE97-5227-347DD481074F}"
EndProject
Project("{FAE04EC0-301F-11D3-BF4B-00C04F79EFBC}") = "Unity.2D.IK.Editor", "Unity.2D.IK.Editor.csproj", "{98816C98-4222-C946-F551-812D132720BB}"
EndProject
Project("{FAE04EC0-301F-11D3-BF4B-00C04F79EFBC}") = "Unity.2D.Sprite.Editor", "Unity.2D.Sprite.Editor.csproj", "{0D55CD31-82E3-D9EE-0355-ECC9A62D919A}"
EndProject
Project("{FAE04EC0-301F-11D3-BF4B-00C04F79EFBC}") = "Unity.2D.Tilemap.Editor", "Unity.2D.Tilemap.Editor.csproj", "{0CDDBC30-06AF-4619-C6A6-C40A4C4A2CEE}"
EndProject
Project("{FAE04EC0-301F-11D3-BF4B-00C04F79EFBC}") = "Unity.2D.PixelPerfect.Editor", "Unity.2D.PixelPerfect.Editor.csproj", "{213042F7-3BFE-6B08-87D2-922639D10C59}"
EndProject
Project("{FAE04EC0-301F-11D3-BF4B-00C04F79EFBC}") = "Unity.VSCode.Editor", "Unity.VSCode.Editor.csproj", "{BDFCFF36-5AEB-238D-B7E5-E0B599C1FE64}"
EndProject
Project("{FAE04EC0-301F-11D3-BF4B-00C04F79EFBC}") = "Unity.2D.Common.Editor", "Unity.2D.Common.Editor.csproj", "{E66ABBA0-75E7-B19E-ACE3-9CAF90FE19C8}"
EndProject
Project("{FAE04EC0-301F-11D3-BF4B-00C04F79EFBC}") = "Unity.Mathematics.Editor", "Unity.Mathematics.Editor.csproj", "{5301023B-D053-4AB4-6DEE-D015BAB32EAB}"
EndProject
Project("{FAE04EC0-301F-11D3-BF4B-00C04F79EFBC}") = "Unity.InternalAPIEditorBridge.001", "Unity.InternalAPIEditorBridge.001.csproj", "{43036586-1161-B88C-138D-6774F84A4C40}"
EndProject
Project("{FAE04EC0-301F-11D3-BF4B-00C04F79EFBC}") = "UnityEngine.TestRunner", "UnityEngine.TestRunner.Player.csproj", "{9C928FC4-3EF0-1FF6-4EFD-4AD064D8F2B1}"
EndProject
Project("{FAE04EC0-301F-11D3-BF4B-00C04F79EFBC}") = "Unity.Mathematics", "Unity.Mathematics.Player.csproj", "{E1726857-77C4-F507-2733-71DD52B29F2A}"
EndProject
Project("{FAE04EC0-301F-11D3-BF4B-00C04F79EFBC}") = "Unity.2D.Animation.Triangle.Runtime", "Unity.2D.Animation.Triangle.Runtime.Player.csproj", "{FA948DC4-DBED-ABAC-ACD9-E47E3E07EEA0}"
EndProject
Project("{FAE04EC0-301F-11D3-BF4B-00C04F79EFBC}") = "Unity.Timeline", "Unity.Timeline.Player.csproj", "{EA508AEB-DEB4-BBD5-CCED-7CB0CDFBC267}"
EndProject
Project("{FAE04EC0-301F-11D3-BF4B-00C04F79EFBC}") = "UnityEngine.UI", "UnityEngine.UI.Player.csproj", "{39575CCF-0988-9F3D-5B1A-90252FAE2F68}"
EndProject
Project("{FAE04EC0-301F-11D3-BF4B-00C04F79EFBC}") = "Unity.TextMeshPro", "Unity.TextMeshPro.Player.csproj", "{08CCFBD6-C8C8-F269-59DE-A11ECCA2ACF0}"
EndProject
Project("{FAE04EC0-301F-11D3-BF4B-00C04F79EFBC}") = "Unity.2D.Animation.Runtime", "Unity.2D.Animation.Runtime.Player.csproj", "{EB8E62B7-443E-CB0D-7549-3397B31001D5}"
EndProject
Project("{FAE04EC0-301F-11D3-BF4B-00C04F79EFBC}") = "Unity.2D.IK.Runtime", "Unity.2D.IK.Runtime.Player.csproj", "{02827786-50D6-8D52-E219-5341A77A407A}"
EndProject
Project("{FAE04EC0-301F-11D3-BF4B-00C04F79EFBC}") = "Assembly-CSharp", "Assembly-CSharp.Player.csproj", "{E86CF4E0-621C-7C34-DDEB-B89F1E968C57}"
EndProject
Project("{FAE04EC0-301F-11D3-BF4B-00C04F79EFBC}") = "Unity.2D.SpriteShape.Runtime", "Unity.2D.SpriteShape.Runtime.Player.csproj", "{85FDBADB-2A21-9B94-3541-7FC2CF812083}"
EndProject
Project("{FAE04EC0-301F-11D3-BF4B-00C04F79EFBC}") = "Unity.2D.PixelPerfect", "Unity.2D.PixelPerfect.Player.csproj", "{A0D547F7-8D84-742E-B73B-B103AE49DC02}"
EndProject
Project("{FAE04EC0-301F-11D3-BF4B-00C04F79EFBC}") = "Unity.2D.Common.Runtime", "Unity.2D.Common.Runtime.Player.csproj", "{4D015B17-A097-2C7E-8626-B16B81D620DC}"
EndProject
Project("{FAE04EC0-301F-11D3-BF4B-00C04F79EFBC}") = "Unity.InternalAPIEngineBridge.001", "Unity.InternalAPIEngineBridge.001.Player.csproj", "{D20424F5-057F-9915-D57D-3343417AF8C1}"
EndProject
Global
	GlobalSection(SolutionConfigurationPlatforms) = preSolution
		Debug|Any CPU = Debug|Any CPU
		Release|Any CPU = Release|Any CPU
	EndGlobalSection
	GlobalSection(ProjectConfigurationPlatforms) = postSolution
		{C86A1136-F9B2-97CA-F6CC-03281F26CFD2}.Debug|Any CPU.ActiveCfg = Debug|Any CPU
		{C86A1136-F9B2-97CA-F6CC-03281F26CFD2}.Debug|Any CPU.Build.0 = Debug|Any CPU
		{C86A1136-F9B2-97CA-F6CC-03281F26CFD2}.Release|Any CPU.ActiveCfg = Release|Any CPU
		{C86A1136-F9B2-97CA-F6CC-03281F26CFD2}.Release|Any CPU.Build.0 = Release|Any CPU
		{A2168512-BF17-5490-5505-4C96F237F816}.Debug|Any CPU.ActiveCfg = Debug|Any CPU
		{A2168512-BF17-5490-5505-4C96F237F816}.Debug|Any CPU.Build.0 = Debug|Any CPU
		{A2168512-BF17-5490-5505-4C96F237F816}.Release|Any CPU.ActiveCfg = Release|Any CPU
		{A2168512-BF17-5490-5505-4C96F237F816}.Release|Any CPU.Build.0 = Release|Any CPU
		{3D230D88-C47C-DCD8-7BEB-D75123468DD8}.Debug|Any CPU.ActiveCfg = Debug|Any CPU
		{3D230D88-C47C-DCD8-7BEB-D75123468DD8}.Debug|Any CPU.Build.0 = Debug|Any CPU
		{3D230D88-C47C-DCD8-7BEB-D75123468DD8}.Release|Any CPU.ActiveCfg = Release|Any CPU
		{3D230D88-C47C-DCD8-7BEB-D75123468DD8}.Release|Any CPU.Build.0 = Release|Any CPU
		{A5EE18CA-42CB-EA27-ABED-9063F96F605D}.Debug|Any CPU.ActiveCfg = Debug|Any CPU
		{A5EE18CA-42CB-EA27-ABED-9063F96F605D}.Debug|Any CPU.Build.0 = Debug|Any CPU
		{A5EE18CA-42CB-EA27-ABED-9063F96F605D}.Release|Any CPU.ActiveCfg = Release|Any CPU
		{A5EE18CA-42CB-EA27-ABED-9063F96F605D}.Release|Any CPU.Build.0 = Release|Any CPU
		{5D71172E-D945-53D0-BF25-693977DD1D92}.Debug|Any CPU.ActiveCfg = Debug|Any CPU
		{5D71172E-D945-53D0-BF25-693977DD1D92}.Debug|Any CPU.Build.0 = Debug|Any CPU
		{5D71172E-D945-53D0-BF25-693977DD1D92}.Release|Any CPU.ActiveCfg = Release|Any CPU
		{5D71172E-D945-53D0-BF25-693977DD1D92}.Release|Any CPU.Build.0 = Release|Any CPU
		{E702269D-FFAB-6134-2AD7-8D40793F45B8}.Debug|Any CPU.ActiveCfg = Debug|Any CPU
		{E702269D-FFAB-6134-2AD7-8D40793F45B8}.Debug|Any CPU.Build.0 = Debug|Any CPU
		{E702269D-FFAB-6134-2AD7-8D40793F45B8}.Release|Any CPU.ActiveCfg = Release|Any CPU
		{E702269D-FFAB-6134-2AD7-8D40793F45B8}.Release|Any CPU.Build.0 = Release|Any CPU
		{404C3075-3331-7D44-9F7E-7E74C810537C}.Debug|Any CPU.ActiveCfg = Debug|Any CPU
		{404C3075-3331-7D44-9F7E-7E74C810537C}.Debug|Any CPU.Build.0 = Debug|Any CPU
		{404C3075-3331-7D44-9F7E-7E74C810537C}.Release|Any CPU.ActiveCfg = Release|Any CPU
		{404C3075-3331-7D44-9F7E-7E74C810537C}.Release|Any CPU.Build.0 = Release|Any CPU
		{47F3041D-04CD-20D0-C43F-999AB5B6A83F}.Debug|Any CPU.ActiveCfg = Debug|Any CPU
		{47F3041D-04CD-20D0-C43F-999AB5B6A83F}.Debug|Any CPU.Build.0 = Debug|Any CPU
		{47F3041D-04CD-20D0-C43F-999AB5B6A83F}.Release|Any CPU.ActiveCfg = Release|Any CPU
		{47F3041D-04CD-20D0-C43F-999AB5B6A83F}.Release|Any CPU.Build.0 = Release|Any CPU
		{62AF2A01-761D-F39A-7C00-1A786D1A25B8}.Debug|Any CPU.ActiveCfg = Debug|Any CPU
		{62AF2A01-761D-F39A-7C00-1A786D1A25B8}.Debug|Any CPU.Build.0 = Debug|Any CPU
		{62AF2A01-761D-F39A-7C00-1A786D1A25B8}.Release|Any CPU.ActiveCfg = Release|Any CPU
		{62AF2A01-761D-F39A-7C00-1A786D1A25B8}.Release|Any CPU.Build.0 = Release|Any CPU
		{ADD97648-B6A8-0E31-2AFB-D345E71FFAD5}.Debug|Any CPU.ActiveCfg = Debug|Any CPU
		{ADD97648-B6A8-0E31-2AFB-D345E71FFAD5}.Debug|Any CPU.Build.0 = Debug|Any CPU
		{ADD97648-B6A8-0E31-2AFB-D345E71FFAD5}.Release|Any CPU.ActiveCfg = Release|Any CPU
		{ADD97648-B6A8-0E31-2AFB-D345E71FFAD5}.Release|Any CPU.Build.0 = Release|Any CPU
		{3CF5792C-B41E-EC17-A108-032916B4C334}.Debug|Any CPU.ActiveCfg = Debug|Any CPU
		{3CF5792C-B41E-EC17-A108-032916B4C334}.Debug|Any CPU.Build.0 = Debug|Any CPU
		{3CF5792C-B41E-EC17-A108-032916B4C334}.Release|Any CPU.ActiveCfg = Release|Any CPU
		{3CF5792C-B41E-EC17-A108-032916B4C334}.Release|Any CPU.Build.0 = Release|Any CPU
		{E64EFB43-DD79-9238-6976-951CD756AA81}.Debug|Any CPU.ActiveCfg = Debug|Any CPU
		{E64EFB43-DD79-9238-6976-951CD756AA81}.Debug|Any CPU.Build.0 = Debug|Any CPU
		{E64EFB43-DD79-9238-6976-951CD756AA81}.Release|Any CPU.ActiveCfg = Release|Any CPU
		{E64EFB43-DD79-9238-6976-951CD756AA81}.Release|Any CPU.Build.0 = Release|Any CPU
		{D241A627-66FD-9776-7F99-E48E91EA36EF}.Debug|Any CPU.ActiveCfg = Debug|Any CPU
		{D241A627-66FD-9776-7F99-E48E91EA36EF}.Debug|Any CPU.Build.0 = Debug|Any CPU
		{D241A627-66FD-9776-7F99-E48E91EA36EF}.Release|Any CPU.ActiveCfg = Release|Any CPU
		{D241A627-66FD-9776-7F99-E48E91EA36EF}.Release|Any CPU.Build.0 = Release|Any CPU
		{94832A95-71F4-9D76-3954-C5C086DD001D}.Debug|Any CPU.ActiveCfg = Debug|Any CPU
		{94832A95-71F4-9D76-3954-C5C086DD001D}.Debug|Any CPU.Build.0 = Debug|Any CPU
		{94832A95-71F4-9D76-3954-C5C086DD001D}.Release|Any CPU.ActiveCfg = Release|Any CPU
		{94832A95-71F4-9D76-3954-C5C086DD001D}.Release|Any CPU.Build.0 = Release|Any CPU
		{DDD57B0C-1DE1-4078-E606-0167E3AC6486}.Debug|Any CPU.ActiveCfg = Debug|Any CPU
		{DDD57B0C-1DE1-4078-E606-0167E3AC6486}.Debug|Any CPU.Build.0 = Debug|Any CPU
		{DDD57B0C-1DE1-4078-E606-0167E3AC6486}.Release|Any CPU.ActiveCfg = Release|Any CPU
		{DDD57B0C-1DE1-4078-E606-0167E3AC6486}.Release|Any CPU.Build.0 = Release|Any CPU
		{02E303EF-41CD-16C7-65BD-4F3FC00EFD3F}.Debug|Any CPU.ActiveCfg = Debug|Any CPU
		{02E303EF-41CD-16C7-65BD-4F3FC00EFD3F}.Debug|Any CPU.Build.0 = Debug|Any CPU
		{02E303EF-41CD-16C7-65BD-4F3FC00EFD3F}.Release|Any CPU.ActiveCfg = Release|Any CPU
		{02E303EF-41CD-16C7-65BD-4F3FC00EFD3F}.Release|Any CPU.Build.0 = Release|Any CPU
		{9356F244-729E-7796-7D83-21FEA7841B12}.Debug|Any CPU.ActiveCfg = Debug|Any CPU
		{9356F244-729E-7796-7D83-21FEA7841B12}.Debug|Any CPU.Build.0 = Debug|Any CPU
		{9356F244-729E-7796-7D83-21FEA7841B12}.Release|Any CPU.ActiveCfg = Release|Any CPU
		{9356F244-729E-7796-7D83-21FEA7841B12}.Release|Any CPU.Build.0 = Release|Any CPU
		{A4A0E28C-CFDA-B3E4-72AA-4A68694B1717}.Debug|Any CPU.ActiveCfg = Debug|Any CPU
		{A4A0E28C-CFDA-B3E4-72AA-4A68694B1717}.Debug|Any CPU.Build.0 = Debug|Any CPU
		{A4A0E28C-CFDA-B3E4-72AA-4A68694B1717}.Release|Any CPU.ActiveCfg = Release|Any CPU
		{A4A0E28C-CFDA-B3E4-72AA-4A68694B1717}.Release|Any CPU.Build.0 = Release|Any CPU
		{E72D5D66-0FD9-0EE2-1E61-4FCB200B910D}.Debug|Any CPU.ActiveCfg = Debug|Any CPU
		{E72D5D66-0FD9-0EE2-1E61-4FCB200B910D}.Debug|Any CPU.Build.0 = Debug|Any CPU
		{E72D5D66-0FD9-0EE2-1E61-4FCB200B910D}.Release|Any CPU.ActiveCfg = Release|Any CPU
		{E72D5D66-0FD9-0EE2-1E61-4FCB200B910D}.Release|Any CPU.Build.0 = Release|Any CPU
		{59AE3F92-B3D4-12C7-8D70-18FB63EE3FED}.Debug|Any CPU.ActiveCfg = Debug|Any CPU
		{59AE3F92-B3D4-12C7-8D70-18FB63EE3FED}.Debug|Any CPU.Build.0 = Debug|Any CPU
		{59AE3F92-B3D4-12C7-8D70-18FB63EE3FED}.Release|Any CPU.ActiveCfg = Release|Any CPU
		{59AE3F92-B3D4-12C7-8D70-18FB63EE3FED}.Release|Any CPU.Build.0 = Release|Any CPU
		{E7D9F108-BA82-88AF-D32A-504A607E6427}.Debug|Any CPU.ActiveCfg = Debug|Any CPU
		{E7D9F108-BA82-88AF-D32A-504A607E6427}.Debug|Any CPU.Build.0 = Debug|Any CPU
		{E7D9F108-BA82-88AF-D32A-504A607E6427}.Release|Any CPU.ActiveCfg = Release|Any CPU
		{E7D9F108-BA82-88AF-D32A-504A607E6427}.Release|Any CPU.Build.0 = Release|Any CPU
		{1F8247D5-629E-105E-BDA3-FA8BD3920947}.Debug|Any CPU.ActiveCfg = Debug|Any CPU
		{1F8247D5-629E-105E-BDA3-FA8BD3920947}.Debug|Any CPU.Build.0 = Debug|Any CPU
		{1F8247D5-629E-105E-BDA3-FA8BD3920947}.Release|Any CPU.ActiveCfg = Release|Any CPU
		{1F8247D5-629E-105E-BDA3-FA8BD3920947}.Release|Any CPU.Build.0 = Release|Any CPU
		{E2A7585A-7A4C-E835-2552-D5BD96468549}.Debug|Any CPU.ActiveCfg = Debug|Any CPU
		{E2A7585A-7A4C-E835-2552-D5BD96468549}.Debug|Any CPU.Build.0 = Debug|Any CPU
		{E2A7585A-7A4C-E835-2552-D5BD96468549}.Release|Any CPU.ActiveCfg = Release|Any CPU
		{E2A7585A-7A4C-E835-2552-D5BD96468549}.Release|Any CPU.Build.0 = Release|Any CPU
		{162516D1-0348-53E7-813F-2128A38910A6}.Debug|Any CPU.ActiveCfg = Debug|Any CPU
		{162516D1-0348-53E7-813F-2128A38910A6}.Debug|Any CPU.Build.0 = Debug|Any CPU
		{162516D1-0348-53E7-813F-2128A38910A6}.Release|Any CPU.ActiveCfg = Release|Any CPU
		{162516D1-0348-53E7-813F-2128A38910A6}.Release|Any CPU.Build.0 = Release|Any CPU
		{3C73481A-34BF-DE97-5227-347DD481074F}.Debug|Any CPU.ActiveCfg = Debug|Any CPU
		{3C73481A-34BF-DE97-5227-347DD481074F}.Debug|Any CPU.Build.0 = Debug|Any CPU
		{3C73481A-34BF-DE97-5227-347DD481074F}.Release|Any CPU.ActiveCfg = Release|Any CPU
		{3C73481A-34BF-DE97-5227-347DD481074F}.Release|Any CPU.Build.0 = Release|Any CPU
		{98816C98-4222-C946-F551-812D132720BB}.Debug|Any CPU.ActiveCfg = Debug|Any CPU
		{98816C98-4222-C946-F551-812D132720BB}.Debug|Any CPU.Build.0 = Debug|Any CPU
		{98816C98-4222-C946-F551-812D132720BB}.Release|Any CPU.ActiveCfg = Release|Any CPU
		{98816C98-4222-C946-F551-812D132720BB}.Release|Any CPU.Build.0 = Release|Any CPU
		{0D55CD31-82E3-D9EE-0355-ECC9A62D919A}.Debug|Any CPU.ActiveCfg = Debug|Any CPU
		{0D55CD31-82E3-D9EE-0355-ECC9A62D919A}.Debug|Any CPU.Build.0 = Debug|Any CPU
		{0D55CD31-82E3-D9EE-0355-ECC9A62D919A}.Release|Any CPU.ActiveCfg = Release|Any CPU
		{0D55CD31-82E3-D9EE-0355-ECC9A62D919A}.Release|Any CPU.Build.0 = Release|Any CPU
		{0CDDBC30-06AF-4619-C6A6-C40A4C4A2CEE}.Debug|Any CPU.ActiveCfg = Debug|Any CPU
		{0CDDBC30-06AF-4619-C6A6-C40A4C4A2CEE}.Debug|Any CPU.Build.0 = Debug|Any CPU
		{0CDDBC30-06AF-4619-C6A6-C40A4C4A2CEE}.Release|Any CPU.ActiveCfg = Release|Any CPU
		{0CDDBC30-06AF-4619-C6A6-C40A4C4A2CEE}.Release|Any CPU.Build.0 = Release|Any CPU
		{213042F7-3BFE-6B08-87D2-922639D10C59}.Debug|Any CPU.ActiveCfg = Debug|Any CPU
		{213042F7-3BFE-6B08-87D2-922639D10C59}.Debug|Any CPU.Build.0 = Debug|Any CPU
		{213042F7-3BFE-6B08-87D2-922639D10C59}.Release|Any CPU.ActiveCfg = Release|Any CPU
		{213042F7-3BFE-6B08-87D2-922639D10C59}.Release|Any CPU.Build.0 = Release|Any CPU
		{BDFCFF36-5AEB-238D-B7E5-E0B599C1FE64}.Debug|Any CPU.ActiveCfg = Debug|Any CPU
		{BDFCFF36-5AEB-238D-B7E5-E0B599C1FE64}.Debug|Any CPU.Build.0 = Debug|Any CPU
		{BDFCFF36-5AEB-238D-B7E5-E0B599C1FE64}.Release|Any CPU.ActiveCfg = Release|Any CPU
		{BDFCFF36-5AEB-238D-B7E5-E0B599C1FE64}.Release|Any CPU.Build.0 = Release|Any CPU
		{E66ABBA0-75E7-B19E-ACE3-9CAF90FE19C8}.Debug|Any CPU.ActiveCfg = Debug|Any CPU
		{E66ABBA0-75E7-B19E-ACE3-9CAF90FE19C8}.Debug|Any CPU.Build.0 = Debug|Any CPU
		{E66ABBA0-75E7-B19E-ACE3-9CAF90FE19C8}.Release|Any CPU.ActiveCfg = Release|Any CPU
		{E66ABBA0-75E7-B19E-ACE3-9CAF90FE19C8}.Release|Any CPU.Build.0 = Release|Any CPU
		{5301023B-D053-4AB4-6DEE-D015BAB32EAB}.Debug|Any CPU.ActiveCfg = Debug|Any CPU
		{5301023B-D053-4AB4-6DEE-D015BAB32EAB}.Debug|Any CPU.Build.0 = Debug|Any CPU
		{5301023B-D053-4AB4-6DEE-D015BAB32EAB}.Release|Any CPU.ActiveCfg = Release|Any CPU
		{5301023B-D053-4AB4-6DEE-D015BAB32EAB}.Release|Any CPU.Build.0 = Release|Any CPU
		{43036586-1161-B88C-138D-6774F84A4C40}.Debug|Any CPU.ActiveCfg = Debug|Any CPU
		{43036586-1161-B88C-138D-6774F84A4C40}.Debug|Any CPU.Build.0 = Debug|Any CPU
		{43036586-1161-B88C-138D-6774F84A4C40}.Release|Any CPU.ActiveCfg = Release|Any CPU
		{43036586-1161-B88C-138D-6774F84A4C40}.Release|Any CPU.Build.0 = Release|Any CPU
		{9C928FC4-3EF0-1FF6-4EFD-4AD064D8F2B1}.Debug|Any CPU.ActiveCfg = Debug|Any CPU
		{9C928FC4-3EF0-1FF6-4EFD-4AD064D8F2B1}.Debug|Any CPU.Build.0 = Debug|Any CPU
		{9C928FC4-3EF0-1FF6-4EFD-4AD064D8F2B1}.Release|Any CPU.ActiveCfg = Release|Any CPU
		{9C928FC4-3EF0-1FF6-4EFD-4AD064D8F2B1}.Release|Any CPU.Build.0 = Release|Any CPU
		{E1726857-77C4-F507-2733-71DD52B29F2A}.Debug|Any CPU.ActiveCfg = Debug|Any CPU
		{E1726857-77C4-F507-2733-71DD52B29F2A}.Debug|Any CPU.Build.0 = Debug|Any CPU
		{E1726857-77C4-F507-2733-71DD52B29F2A}.Release|Any CPU.ActiveCfg = Release|Any CPU
		{E1726857-77C4-F507-2733-71DD52B29F2A}.Release|Any CPU.Build.0 = Release|Any CPU
		{FA948DC4-DBED-ABAC-ACD9-E47E3E07EEA0}.Debug|Any CPU.ActiveCfg = Debug|Any CPU
		{FA948DC4-DBED-ABAC-ACD9-E47E3E07EEA0}.Debug|Any CPU.Build.0 = Debug|Any CPU
		{FA948DC4-DBED-ABAC-ACD9-E47E3E07EEA0}.Release|Any CPU.ActiveCfg = Release|Any CPU
		{FA948DC4-DBED-ABAC-ACD9-E47E3E07EEA0}.Release|Any CPU.Build.0 = Release|Any CPU
		{EA508AEB-DEB4-BBD5-CCED-7CB0CDFBC267}.Debug|Any CPU.ActiveCfg = Debug|Any CPU
		{EA508AEB-DEB4-BBD5-CCED-7CB0CDFBC267}.Debug|Any CPU.Build.0 = Debug|Any CPU
		{EA508AEB-DEB4-BBD5-CCED-7CB0CDFBC267}.Release|Any CPU.ActiveCfg = Release|Any CPU
		{EA508AEB-DEB4-BBD5-CCED-7CB0CDFBC267}.Release|Any CPU.Build.0 = Release|Any CPU
		{39575CCF-0988-9F3D-5B1A-90252FAE2F68}.Debug|Any CPU.ActiveCfg = Debug|Any CPU
		{39575CCF-0988-9F3D-5B1A-90252FAE2F68}.Debug|Any CPU.Build.0 = Debug|Any CPU
		{39575CCF-0988-9F3D-5B1A-90252FAE2F68}.Release|Any CPU.ActiveCfg = Release|Any CPU
		{39575CCF-0988-9F3D-5B1A-90252FAE2F68}.Release|Any CPU.Build.0 = Release|Any CPU
		{08CCFBD6-C8C8-F269-59DE-A11ECCA2ACF0}.Debug|Any CPU.ActiveCfg = Debug|Any CPU
		{08CCFBD6-C8C8-F269-59DE-A11ECCA2ACF0}.Debug|Any CPU.Build.0 = Debug|Any CPU
		{08CCFBD6-C8C8-F269-59DE-A11ECCA2ACF0}.Release|Any CPU.ActiveCfg = Release|Any CPU
		{08CCFBD6-C8C8-F269-59DE-A11ECCA2ACF0}.Release|Any CPU.Build.0 = Release|Any CPU
		{EB8E62B7-443E-CB0D-7549-3397B31001D5}.Debug|Any CPU.ActiveCfg = Debug|Any CPU
		{EB8E62B7-443E-CB0D-7549-3397B31001D5}.Debug|Any CPU.Build.0 = Debug|Any CPU
		{EB8E62B7-443E-CB0D-7549-3397B31001D5}.Release|Any CPU.ActiveCfg = Release|Any CPU
		{EB8E62B7-443E-CB0D-7549-3397B31001D5}.Release|Any CPU.Build.0 = Release|Any CPU
		{02827786-50D6-8D52-E219-5341A77A407A}.Debug|Any CPU.ActiveCfg = Debug|Any CPU
		{02827786-50D6-8D52-E219-5341A77A407A}.Debug|Any CPU.Build.0 = Debug|Any CPU
		{02827786-50D6-8D52-E219-5341A77A407A}.Release|Any CPU.ActiveCfg = Release|Any CPU
		{02827786-50D6-8D52-E219-5341A77A407A}.Release|Any CPU.Build.0 = Release|Any CPU
		{E86CF4E0-621C-7C34-DDEB-B89F1E968C57}.Debug|Any CPU.ActiveCfg = Debug|Any CPU
		{E86CF4E0-621C-7C34-DDEB-B89F1E968C57}.Debug|Any CPU.Build.0 = Debug|Any CPU
		{E86CF4E0-621C-7C34-DDEB-B89F1E968C57}.Release|Any CPU.ActiveCfg = Release|Any CPU
		{E86CF4E0-621C-7C34-DDEB-B89F1E968C57}.Release|Any CPU.Build.0 = Release|Any CPU
		{85FDBADB-2A21-9B94-3541-7FC2CF812083}.Debug|Any CPU.ActiveCfg = Debug|Any CPU
		{85FDBADB-2A21-9B94-3541-7FC2CF812083}.Debug|Any CPU.Build.0 = Debug|Any CPU
		{85FDBADB-2A21-9B94-3541-7FC2CF812083}.Release|Any CPU.ActiveCfg = Release|Any CPU
		{85FDBADB-2A21-9B94-3541-7FC2CF812083}.Release|Any CPU.Build.0 = Release|Any CPU
		{A0D547F7-8D84-742E-B73B-B103AE49DC02}.Debug|Any CPU.ActiveCfg = Debug|Any CPU
		{A0D547F7-8D84-742E-B73B-B103AE49DC02}.Debug|Any CPU.Build.0 = Debug|Any CPU
		{A0D547F7-8D84-742E-B73B-B103AE49DC02}.Release|Any CPU.ActiveCfg = Release|Any CPU
		{A0D547F7-8D84-742E-B73B-B103AE49DC02}.Release|Any CPU.Build.0 = Release|Any CPU
		{4D015B17-A097-2C7E-8626-B16B81D620DC}.Debug|Any CPU.ActiveCfg = Debug|Any CPU
		{4D015B17-A097-2C7E-8626-B16B81D620DC}.Debug|Any CPU.Build.0 = Debug|Any CPU
		{4D015B17-A097-2C7E-8626-B16B81D620DC}.Release|Any CPU.ActiveCfg = Release|Any CPU
		{4D015B17-A097-2C7E-8626-B16B81D620DC}.Release|Any CPU.Build.0 = Release|Any CPU
		{D20424F5-057F-9915-D57D-3343417AF8C1}.Debug|Any CPU.ActiveCfg = Debug|Any CPU
		{D20424F5-057F-9915-D57D-3343417AF8C1}.Debug|Any CPU.Build.0 = Debug|Any CPU
		{D20424F5-057F-9915-D57D-3343417AF8C1}.Release|Any CPU.ActiveCfg = Release|Any CPU
		{D20424F5-057F-9915-D57D-3343417AF8C1}.Release|Any CPU.Build.0 = Release|Any CPU
	EndGlobalSection
	GlobalSection(SolutionProperties) = preSolution
		HideSolutionNode = FALSE
	EndGlobalSection
EndGlobal
